
Microsoft Visual Studio Solution File, Format Version 12.00
# Visual Studio 15
VisualStudioVersion = 15.0.27130.2026
MinimumVisualStudioVersion = 10.0.40219.1
Project("{9A19103F-16F7-4668-BE54-9A1E7A4F7556}") = "webdev", "webdev.csproj", "{2BC517A9-E8C4-4B21-8D8B-7A6CD70C6BB7}"
EndProject
Global
	GlobalSection(SolutionConfigurationPlatforms) = preSolution
		Debug|Any CPU = Debug|Any CPU
		Release|Any CPU = Release|Any CPU
	EndGlobalSection
	GlobalSection(ProjectConfigurationPlatforms) = postSolution
		{2BC517A9-E8C4-4B21-8D8B-7A6CD70C6BB7}.Debug|Any CPU.ActiveCfg = Debug|Any CPU
		{2BC517A9-E8C4-4B21-8D8B-7A6CD70C6BB7}.Debug|Any CPU.Build.0 = Debug|Any CPU
		{2BC517A9-E8C4-4B21-8D8B-7A6CD70C6BB7}.Release|Any CPU.ActiveCfg = Release|Any CPU
		{2BC517A9-E8C4-4B21-8D8B-7A6CD70C6BB7}.Release|Any CPU.Build.0 = Release|Any CPU
	EndGlobalSection
	GlobalSection(SolutionProperties) = preSolution
		HideSolutionNode = FALSE
	EndGlobalSection
	GlobalSection(ExtensibilityGlobals) = postSolution
		SolutionGuid = {0DF22A7B-C170-4D0D-B9EC-128181584BF4}
	EndGlobalSection
EndGlobal
